// !$*UTF8*$!
{
	archiveVersion = 1;
	classes = {
	};
	objectVersion = 56;
	objects = {

/* Begin PBXBuildFile section */
		955AFABF2B21206000AB9695 /* NotificationsViewController.swift in Sources */ = {isa = PBXBuildFile; fileRef = 955AFABE2B21206000AB9695 /* NotificationsViewController.swift */; };
		958469782AFBF7A500808FFC /* AppDelegate.swift in Sources */ = {isa = PBXBuildFile; fileRef = 958469772AFBF7A500808FFC /* AppDelegate.swift */; };
		9584697A2AFBF7A500808FFC /* SceneDelegate.swift in Sources */ = {isa = PBXBuildFile; fileRef = 958469792AFBF7A500808FFC /* SceneDelegate.swift */; };
		9584697F2AFBF7A500808FFC /* Main.storyboard in Resources */ = {isa = PBXBuildFile; fileRef = 9584697D2AFBF7A500808FFC /* Main.storyboard */; };
		958469822AFBF7A500808FFC /* ForecastFavorApp_iOS.xcdatamodeld in Sources */ = {isa = PBXBuildFile; fileRef = 958469802AFBF7A500808FFC /* ForecastFavorApp_iOS.xcdatamodeld */; };
		958469842AFBF7A700808FFC /* Assets.xcassets in Resources */ = {isa = PBXBuildFile; fileRef = 958469832AFBF7A700808FFC /* Assets.xcassets */; };
		958469872AFBF7A700808FFC /* LaunchScreen.storyboard in Resources */ = {isa = PBXBuildFile; fileRef = 958469852AFBF7A700808FFC /* LaunchScreen.storyboard */; };
		958469922AFBF7A700808FFC /* ForecastFavorApp_iOSTests.swift in Sources */ = {isa = PBXBuildFile; fileRef = 958469912AFBF7A700808FFC /* ForecastFavorApp_iOSTests.swift */; };
		9584699C2AFBF7A700808FFC /* ForecastFavorApp_iOSUITests.swift in Sources */ = {isa = PBXBuildFile; fileRef = 9584699B2AFBF7A700808FFC /* ForecastFavorApp_iOSUITests.swift */; };
		9584699E2AFBF7A700808FFC /* ForecastFavorApp_iOSUITestsLaunchTests.swift in Sources */ = {isa = PBXBuildFile; fileRef = 9584699D2AFBF7A700808FFC /* ForecastFavorApp_iOSUITestsLaunchTests.swift */; };
		B181EC852B05A5A300721254 /* TomorrowViewController.swift in Sources */ = {isa = PBXBuildFile; fileRef = B181EC842B05A5A300721254 /* TomorrowViewController.swift */; };
		B181EC872B05B68900721254 /* ThreeDayForecastViewController.swift in Sources */ = {isa = PBXBuildFile; fileRef = B181EC862B05B68900721254 /* ThreeDayForecastViewController.swift */; };
		B186DE3C2AFC307300ACF918 /* WeatherAPI_Helper.swift in Sources */ = {isa = PBXBuildFile; fileRef = B186DE3B2AFC307300ACF918 /* WeatherAPI_Helper.swift */; };
		B186DE3E2AFC30D800ACF918 /* NSCache+Subscript.swift in Sources */ = {isa = PBXBuildFile; fileRef = B186DE3D2AFC30D800ACF918 /* NSCache+Subscript.swift */; };
		B186DE402AFC310300ACF918 /* CacheEntry.swift in Sources */ = {isa = PBXBuildFile; fileRef = B186DE3F2AFC310300ACF918 /* CacheEntry.swift */; };
		B186DE422AFC33FE00ACF918 /* WeatherAPI.swift in Sources */ = {isa = PBXBuildFile; fileRef = B186DE412AFC33FE00ACF918 /* WeatherAPI.swift */; };
		B1D31ABE2AFC53AA00E09634 /* TodayViewController.swift in Sources */ = {isa = PBXBuildFile; fileRef = B1D31ABD2AFC53AA00E09634 /* TodayViewController.swift */; };
		B1F67EE32B14E470004AC7B8 /* UserPrerencesViewController.swift in Sources */ = {isa = PBXBuildFile; fileRef = B1F67EE22B14E470004AC7B8 /* UserPrerencesViewController.swift */; };
/* End PBXBuildFile section */

/* Begin PBXContainerItemProxy section */
		9584698E2AFBF7A700808FFC /* PBXContainerItemProxy */ = {
			isa = PBXContainerItemProxy;
			containerPortal = 9584696C2AFBF7A500808FFC /* Project object */;
			proxyType = 1;
			remoteGlobalIDString = 958469732AFBF7A500808FFC;
			remoteInfo = ForecastFavorApp_iOS;
		};
		958469982AFBF7A700808FFC /* PBXContainerItemProxy */ = {
			isa = PBXContainerItemProxy;
			containerPortal = 9584696C2AFBF7A500808FFC /* Project object */;
			proxyType = 1;
			remoteGlobalIDString = 958469732AFBF7A500808FFC;
			remoteInfo = ForecastFavorApp_iOS;
		};
/* End PBXContainerItemProxy section */

/* Begin PBXFileReference section */
		955AFABE2B21206000AB9695 /* NotificationsViewController.swift */ = {isa = PBXFileReference; lastKnownFileType = sourcecode.swift; path = NotificationsViewController.swift; sourceTree = "<group>"; };
		958469742AFBF7A500808FFC /* ForecastFavorApp_iOS.app */ = {isa = PBXFileReference; explicitFileType = wrapper.application; includeInIndex = 0; path = ForecastFavorApp_iOS.app; sourceTree = BUILT_PRODUCTS_DIR; };
		958469772AFBF7A500808FFC /* AppDelegate.swift */ = {isa = PBXFileReference; lastKnownFileType = sourcecode.swift; path = AppDelegate.swift; sourceTree = "<group>"; };
		958469792AFBF7A500808FFC /* SceneDelegate.swift */ = {isa = PBXFileReference; lastKnownFileType = sourcecode.swift; path = SceneDelegate.swift; sourceTree = "<group>"; };
		9584697E2AFBF7A500808FFC /* Base */ = {isa = PBXFileReference; lastKnownFileType = file.storyboard; name = Base; path = Base.lproj/Main.storyboard; sourceTree = "<group>"; };
		958469812AFBF7A500808FFC /* ForecastFavorApp_iOS.xcdatamodel */ = {isa = PBXFileReference; lastKnownFileType = wrapper.xcdatamodel; path = ForecastFavorApp_iOS.xcdatamodel; sourceTree = "<group>"; };
		958469832AFBF7A700808FFC /* Assets.xcassets */ = {isa = PBXFileReference; lastKnownFileType = folder.assetcatalog; path = Assets.xcassets; sourceTree = "<group>"; };
		958469862AFBF7A700808FFC /* Base */ = {isa = PBXFileReference; lastKnownFileType = file.storyboard; name = Base; path = Base.lproj/LaunchScreen.storyboard; sourceTree = "<group>"; };
		958469882AFBF7A700808FFC /* Info.plist */ = {isa = PBXFileReference; lastKnownFileType = text.plist.xml; path = Info.plist; sourceTree = "<group>"; };
		9584698D2AFBF7A700808FFC /* ForecastFavorApp_iOSTests.xctest */ = {isa = PBXFileReference; explicitFileType = wrapper.cfbundle; includeInIndex = 0; path = ForecastFavorApp_iOSTests.xctest; sourceTree = BUILT_PRODUCTS_DIR; };
		958469912AFBF7A700808FFC /* ForecastFavorApp_iOSTests.swift */ = {isa = PBXFileReference; lastKnownFileType = sourcecode.swift; path = ForecastFavorApp_iOSTests.swift; sourceTree = "<group>"; };
		958469972AFBF7A700808FFC /* ForecastFavorApp_iOSUITests.xctest */ = {isa = PBXFileReference; explicitFileType = wrapper.cfbundle; includeInIndex = 0; path = ForecastFavorApp_iOSUITests.xctest; sourceTree = BUILT_PRODUCTS_DIR; };
		9584699B2AFBF7A700808FFC /* ForecastFavorApp_iOSUITests.swift */ = {isa = PBXFileReference; lastKnownFileType = sourcecode.swift; path = ForecastFavorApp_iOSUITests.swift; sourceTree = "<group>"; };
		9584699D2AFBF7A700808FFC /* ForecastFavorApp_iOSUITestsLaunchTests.swift */ = {isa = PBXFileReference; lastKnownFileType = sourcecode.swift; path = ForecastFavorApp_iOSUITestsLaunchTests.swift; sourceTree = "<group>"; };
		B181EC842B05A5A300721254 /* TomorrowViewController.swift */ = {isa = PBXFileReference; lastKnownFileType = sourcecode.swift; path = TomorrowViewController.swift; sourceTree = "<group>"; };
		B181EC862B05B68900721254 /* ThreeDayForecastViewController.swift */ = {isa = PBXFileReference; lastKnownFileType = sourcecode.swift; path = ThreeDayForecastViewController.swift; sourceTree = "<group>"; };
		B186DE3B2AFC307300ACF918 /* WeatherAPI_Helper.swift */ = {isa = PBXFileReference; lastKnownFileType = sourcecode.swift; path = WeatherAPI_Helper.swift; sourceTree = "<group>"; };
		B186DE3D2AFC30D800ACF918 /* NSCache+Subscript.swift */ = {isa = PBXFileReference; lastKnownFileType = sourcecode.swift; path = "NSCache+Subscript.swift"; sourceTree = "<group>"; };
		B186DE3F2AFC310300ACF918 /* CacheEntry.swift */ = {isa = PBXFileReference; lastKnownFileType = sourcecode.swift; path = CacheEntry.swift; sourceTree = "<group>"; };
		B186DE412AFC33FE00ACF918 /* WeatherAPI.swift */ = {isa = PBXFileReference; lastKnownFileType = sourcecode.swift; path = WeatherAPI.swift; sourceTree = "<group>"; };
		B1D31ABD2AFC53AA00E09634 /* TodayViewController.swift */ = {isa = PBXFileReference; lastKnownFileType = sourcecode.swift; path = TodayViewController.swift; sourceTree = "<group>"; };
		B1F67EE22B14E470004AC7B8 /* UserPrerencesViewController.swift */ = {isa = PBXFileReference; lastKnownFileType = sourcecode.swift; path = UserPrerencesViewController.swift; sourceTree = "<group>"; };
/* End PBXFileReference section */

/* Begin PBXFrameworksBuildPhase section */
		958469712AFBF7A500808FFC /* Frameworks */ = {
			isa = PBXFrameworksBuildPhase;
			buildActionMask = 2147483647;
			files = (
			);
			runOnlyForDeploymentPostprocessing = 0;
		};
		9584698A2AFBF7A700808FFC /* Frameworks */ = {
			isa = PBXFrameworksBuildPhase;
			buildActionMask = 2147483647;
			files = (
			);
			runOnlyForDeploymentPostprocessing = 0;
		};
		958469942AFBF7A700808FFC /* Frameworks */ = {
			isa = PBXFrameworksBuildPhase;
			buildActionMask = 2147483647;
			files = (
			);
			runOnlyForDeploymentPostprocessing = 0;
		};
/* End PBXFrameworksBuildPhase section */

/* Begin PBXGroup section */
		9584696B2AFBF7A500808FFC = {
			isa = PBXGroup;
			children = (
				958469762AFBF7A500808FFC /* ForecastFavorApp_iOS */,
				958469902AFBF7A700808FFC /* ForecastFavorApp_iOSTests */,
				9584699A2AFBF7A700808FFC /* ForecastFavorApp_iOSUITests */,
				958469752AFBF7A500808FFC /* Products */,
			);
			sourceTree = "<group>";
		};
		958469752AFBF7A500808FFC /* Products */ = {
			isa = PBXGroup;
			children = (
				958469742AFBF7A500808FFC /* ForecastFavorApp_iOS.app */,
				9584698D2AFBF7A700808FFC /* ForecastFavorApp_iOSTests.xctest */,
				958469972AFBF7A700808FFC /* ForecastFavorApp_iOSUITests.xctest */,
			);
			name = Products;
			sourceTree = "<group>";
		};
		958469762AFBF7A500808FFC /* ForecastFavorApp_iOS */ = {
			isa = PBXGroup;
			children = (
				B186DE412AFC33FE00ACF918 /* WeatherAPI.swift */,
				B186DE3D2AFC30D800ACF918 /* NSCache+Subscript.swift */,
				B186DE3F2AFC310300ACF918 /* CacheEntry.swift */,
				B186DE3B2AFC307300ACF918 /* WeatherAPI_Helper.swift */,
				B181EC862B05B68900721254 /* ThreeDayForecastViewController.swift */,
				958469772AFBF7A500808FFC /* AppDelegate.swift */,
				955AFABE2B21206000AB9695 /* NotificationsViewController.swift */,
				958469792AFBF7A500808FFC /* SceneDelegate.swift */,
				9584697D2AFBF7A500808FFC /* Main.storyboard */,
				B1F67EE22B14E470004AC7B8 /* UserPrerencesViewController.swift */,
				B1D31ABD2AFC53AA00E09634 /* TodayViewController.swift */,
				B181EC842B05A5A300721254 /* TomorrowViewController.swift */,
				958469832AFBF7A700808FFC /* Assets.xcassets */,
				958469852AFBF7A700808FFC /* LaunchScreen.storyboard */,
				958469882AFBF7A700808FFC /* Info.plist */,
				958469802AFBF7A500808FFC /* ForecastFavorApp_iOS.xcdatamodeld */,
			);
			path = ForecastFavorApp_iOS;
			sourceTree = "<group>";
		};
		958469902AFBF7A700808FFC /* ForecastFavorApp_iOSTests */ = {
			isa = PBXGroup;
			children = (
				958469912AFBF7A700808FFC /* ForecastFavorApp_iOSTests.swift */,
			);
			path = ForecastFavorApp_iOSTests;
			sourceTree = "<group>";
		};
		9584699A2AFBF7A700808FFC /* ForecastFavorApp_iOSUITests */ = {
			isa = PBXGroup;
			children = (
				9584699B2AFBF7A700808FFC /* ForecastFavorApp_iOSUITests.swift */,
				9584699D2AFBF7A700808FFC /* ForecastFavorApp_iOSUITestsLaunchTests.swift */,
			);
			path = ForecastFavorApp_iOSUITests;
			sourceTree = "<group>";
		};
/* End PBXGroup section */

/* Begin PBXNativeTarget section */
		958469732AFBF7A500808FFC /* ForecastFavorApp_iOS */ = {
			isa = PBXNativeTarget;
			buildConfigurationList = 958469A12AFBF7A700808FFC /* Build configuration list for PBXNativeTarget "ForecastFavorApp_iOS" */;
			buildPhases = (
				958469702AFBF7A500808FFC /* Sources */,
				958469712AFBF7A500808FFC /* Frameworks */,
				958469722AFBF7A500808FFC /* Resources */,
			);
			buildRules = (
			);
			dependencies = (
			);
			name = ForecastFavorApp_iOS;
			productName = ForecastFavorApp_iOS;
			productReference = 958469742AFBF7A500808FFC /* ForecastFavorApp_iOS.app */;
			productType = "com.apple.product-type.application";
		};
		9584698C2AFBF7A700808FFC /* ForecastFavorApp_iOSTests */ = {
			isa = PBXNativeTarget;
			buildConfigurationList = 958469A42AFBF7A700808FFC /* Build configuration list for PBXNativeTarget "ForecastFavorApp_iOSTests" */;
			buildPhases = (
				958469892AFBF7A700808FFC /* Sources */,
				9584698A2AFBF7A700808FFC /* Frameworks */,
				9584698B2AFBF7A700808FFC /* Resources */,
			);
			buildRules = (
			);
			dependencies = (
				9584698F2AFBF7A700808FFC /* PBXTargetDependency */,
			);
			name = ForecastFavorApp_iOSTests;
			productName = ForecastFavorApp_iOSTests;
			productReference = 9584698D2AFBF7A700808FFC /* ForecastFavorApp_iOSTests.xctest */;
			productType = "com.apple.product-type.bundle.unit-test";
		};
		958469962AFBF7A700808FFC /* ForecastFavorApp_iOSUITests */ = {
			isa = PBXNativeTarget;
			buildConfigurationList = 958469A72AFBF7A700808FFC /* Build configuration list for PBXNativeTarget "ForecastFavorApp_iOSUITests" */;
			buildPhases = (
				958469932AFBF7A700808FFC /* Sources */,
				958469942AFBF7A700808FFC /* Frameworks */,
				958469952AFBF7A700808FFC /* Resources */,
			);
			buildRules = (
			);
			dependencies = (
				958469992AFBF7A700808FFC /* PBXTargetDependency */,
			);
			name = ForecastFavorApp_iOSUITests;
			productName = ForecastFavorApp_iOSUITests;
			productReference = 958469972AFBF7A700808FFC /* ForecastFavorApp_iOSUITests.xctest */;
			productType = "com.apple.product-type.bundle.ui-testing";
		};
/* End PBXNativeTarget section */

/* Begin PBXProject section */
		9584696C2AFBF7A500808FFC /* Project object */ = {
			isa = PBXProject;
			attributes = {
				BuildIndependentTargetsInParallel = 1;
				LastSwiftUpdateCheck = 1500;
				LastUpgradeCheck = 1500;
				TargetAttributes = {
					958469732AFBF7A500808FFC = {
						CreatedOnToolsVersion = 15.0.1;
					};
					9584698C2AFBF7A700808FFC = {
						CreatedOnToolsVersion = 15.0.1;
						TestTargetID = 958469732AFBF7A500808FFC;
					};
					958469962AFBF7A700808FFC = {
						CreatedOnToolsVersion = 15.0.1;
						TestTargetID = 958469732AFBF7A500808FFC;
					};
				};
			};
			buildConfigurationList = 9584696F2AFBF7A500808FFC /* Build configuration list for PBXProject "ForecastFavorApp_iOS" */;
			compatibilityVersion = "Xcode 14.0";
			developmentRegion = en;
			hasScannedForEncodings = 0;
			knownRegions = (
				en,
				Base,
			);
			mainGroup = 9584696B2AFBF7A500808FFC;
			productRefGroup = 958469752AFBF7A500808FFC /* Products */;
			projectDirPath = "";
			projectRoot = "";
			targets = (
				958469732AFBF7A500808FFC /* ForecastFavorApp_iOS */,
				9584698C2AFBF7A700808FFC /* ForecastFavorApp_iOSTests */,
				958469962AFBF7A700808FFC /* ForecastFavorApp_iOSUITests */,
			);
		};
/* End PBXProject section */

/* Begin PBXResourcesBuildPhase section */
		958469722AFBF7A500808FFC /* Resources */ = {
			isa = PBXResourcesBuildPhase;
			buildActionMask = 2147483647;
			files = (
				958469872AFBF7A700808FFC /* LaunchScreen.storyboard in Resources */,
				958469842AFBF7A700808FFC /* Assets.xcassets in Resources */,
				9584697F2AFBF7A500808FFC /* Main.storyboard in Resources */,
			);
			runOnlyForDeploymentPostprocessing = 0;
		};
		9584698B2AFBF7A700808FFC /* Resources */ = {
			isa = PBXResourcesBuildPhase;
			buildActionMask = 2147483647;
			files = (
			);
			runOnlyForDeploymentPostprocessing = 0;
		};
		958469952AFBF7A700808FFC /* Resources */ = {
			isa = PBXResourcesBuildPhase;
			buildActionMask = 2147483647;
			files = (
			);
			runOnlyForDeploymentPostprocessing = 0;
		};
/* End PBXResourcesBuildPhase section */

/* Begin PBXSourcesBuildPhase section */
		958469702AFBF7A500808FFC /* Sources */ = {
			isa = PBXSourcesBuildPhase;
			buildActionMask = 2147483647;
			files = (
				B186DE3C2AFC307300ACF918 /* WeatherAPI_Helper.swift in Sources */,
				B186DE402AFC310300ACF918 /* CacheEntry.swift in Sources */,
				958469782AFBF7A500808FFC /* AppDelegate.swift in Sources */,
				955AFABF2B21206000AB9695 /* NotificationsViewController.swift in Sources */,
				B186DE3E2AFC30D800ACF918 /* NSCache+Subscript.swift in Sources */,
				B181EC852B05A5A300721254 /* TomorrowViewController.swift in Sources */,
				B181EC872B05B68900721254 /* ThreeDayForecastViewController.swift in Sources */,
				B1D31ABE2AFC53AA00E09634 /* TodayViewController.swift in Sources */,
				B186DE422AFC33FE00ACF918 /* WeatherAPI.swift in Sources */,
				B1F67EE32B14E470004AC7B8 /* UserPrerencesViewController.swift in Sources */,
				9584697A2AFBF7A500808FFC /* SceneDelegate.swift in Sources */,
				958469822AFBF7A500808FFC /* ForecastFavorApp_iOS.xcdatamodeld in Sources */,
			);
			runOnlyForDeploymentPostprocessing = 0;
		};
		958469892AFBF7A700808FFC /* Sources */ = {
			isa = PBXSourcesBuildPhase;
			buildActionMask = 2147483647;
			files = (
				958469922AFBF7A700808FFC /* ForecastFavorApp_iOSTests.swift in Sources */,
			);
			runOnlyForDeploymentPostprocessing = 0;
		};
		958469932AFBF7A700808FFC /* Sources */ = {
			isa = PBXSourcesBuildPhase;
			buildActionMask = 2147483647;
			files = (
				9584699E2AFBF7A700808FFC /* ForecastFavorApp_iOSUITestsLaunchTests.swift in Sources */,
				9584699C2AFBF7A700808FFC /* ForecastFavorApp_iOSUITests.swift in Sources */,
			);
			runOnlyForDeploymentPostprocessing = 0;
		};
/* End PBXSourcesBuildPhase section */

/* Begin PBXTargetDependency section */
		9584698F2AFBF7A700808FFC /* PBXTargetDependency */ = {
			isa = PBXTargetDependency;
			target = 958469732AFBF7A500808FFC /* ForecastFavorApp_iOS */;
			targetProxy = 9584698E2AFBF7A700808FFC /* PBXContainerItemProxy */;
		};
		958469992AFBF7A700808FFC /* PBXTargetDependency */ = {
			isa = PBXTargetDependency;
			target = 958469732AFBF7A500808FFC /* ForecastFavorApp_iOS */;
			targetProxy = 958469982AFBF7A700808FFC /* PBXContainerItemProxy */;
		};
/* End PBXTargetDependency section */

/* Begin PBXVariantGroup section */
		9584697D2AFBF7A500808FFC /* Main.storyboard */ = {
			isa = PBXVariantGroup;
			children = (
				9584697E2AFBF7A500808FFC /* Base */,
			);
			name = Main.storyboard;
			sourceTree = "<group>";
		};
		958469852AFBF7A700808FFC /* LaunchScreen.storyboard */ = {
			isa = PBXVariantGroup;
			children = (
				958469862AFBF7A700808FFC /* Base */,
			);
			name = LaunchScreen.storyboard;
			sourceTree = "<group>";
		};
/* End PBXVariantGroup section */

/* Begin XCBuildConfiguration section */
		9584699F2AFBF7A700808FFC /* Debug */ = {
			isa = XCBuildConfiguration;
			buildSettings = {
				ALWAYS_SEARCH_USER_PATHS = NO;
				ASSETCATALOG_COMPILER_GENERATE_SWIFT_ASSET_SYMBOL_EXTENSIONS = YES;
				CLANG_ANALYZER_NONNULL = YES;
				CLANG_ANALYZER_NUMBER_OBJECT_CONVERSION = YES_AGGRESSIVE;
				CLANG_CXX_LANGUAGE_STANDARD = "gnu++20";
				CLANG_ENABLE_MODULES = YES;
				CLANG_ENABLE_OBJC_ARC = YES;
				CLANG_ENABLE_OBJC_WEAK = YES;
				CLANG_WARN_BLOCK_CAPTURE_AUTORELEASING = YES;
				CLANG_WARN_BOOL_CONVERSION = YES;
				CLANG_WARN_COMMA = YES;
				CLANG_WARN_CONSTANT_CONVERSION = YES;
				CLANG_WARN_DEPRECATED_OBJC_IMPLEMENTATIONS = YES;
				CLANG_WARN_DIRECT_OBJC_ISA_USAGE = YES_ERROR;
				CLANG_WARN_DOCUMENTATION_COMMENTS = YES;
				CLANG_WARN_EMPTY_BODY = YES;
				CLANG_WARN_ENUM_CONVERSION = YES;
				CLANG_WARN_INFINITE_RECURSION = YES;
				CLANG_WARN_INT_CONVERSION = YES;
				CLANG_WARN_NON_LITERAL_NULL_CONVERSION = YES;
				CLANG_WARN_OBJC_IMPLICIT_RETAIN_SELF = YES;
				CLANG_WARN_OBJC_LITERAL_CONVERSION = YES;
				CLANG_WARN_OBJC_ROOT_CLASS = YES_ERROR;
				CLANG_WARN_QUOTED_INCLUDE_IN_FRAMEWORK_HEADER = YES;
				CLANG_WARN_RANGE_LOOP_ANALYSIS = YES;
				CLANG_WARN_STRICT_PROTOTYPES = YES;
				CLANG_WARN_SUSPICIOUS_MOVE = YES;
				CLANG_WARN_UNGUARDED_AVAILABILITY = YES_AGGRESSIVE;
				CLANG_WARN_UNREACHABLE_CODE = YES;
				CLANG_WARN__DUPLICATE_METHOD_MATCH = YES;
				COPY_PHASE_STRIP = NO;
				DEBUG_INFORMATION_FORMAT = dwarf;
				ENABLE_STRICT_OBJC_MSGSEND = YES;
				ENABLE_TESTABILITY = YES;
				ENABLE_USER_SCRIPT_SANDBOXING = YES;
				GCC_C_LANGUAGE_STANDARD = gnu17;
				GCC_DYNAMIC_NO_PIC = NO;
				GCC_NO_COMMON_BLOCKS = YES;
				GCC_OPTIMIZATION_LEVEL = 0;
				GCC_PREPROCESSOR_DEFINITIONS = (
					"DEBUG=1",
					"$(inherited)",
				);
				GCC_WARN_64_TO_32_BIT_CONVERSION = YES;
				GCC_WARN_ABOUT_RETURN_TYPE = YES_ERROR;
				GCC_WARN_UNDECLARED_SELECTOR = YES;
				GCC_WARN_UNINITIALIZED_AUTOS = YES_AGGRESSIVE;
				GCC_WARN_UNUSED_FUNCTION = YES;
				GCC_WARN_UNUSED_VARIABLE = YES;
				IPHONEOS_DEPLOYMENT_TARGET = 17.0;
				LOCALIZATION_PREFERS_STRING_CATALOGS = YES;
				MTL_ENABLE_DEBUG_INFO = INCLUDE_SOURCE;
				MTL_FAST_MATH = YES;
				ONLY_ACTIVE_ARCH = YES;
				SDKROOT = iphoneos;
				SWIFT_ACTIVE_COMPILATION_CONDITIONS = "DEBUG $(inherited)";
				SWIFT_OPTIMIZATION_LEVEL = "-Onone";
			};
			name = Debug;
		};
		958469A02AFBF7A700808FFC /* Release */ = {
			isa = XCBuildConfiguration;
			buildSettings = {
				ALWAYS_SEARCH_USER_PATHS = NO;
				ASSETCATALOG_COMPILER_GENERATE_SWIFT_ASSET_SYMBOL_EXTENSIONS = YES;
				CLANG_ANALYZER_NONNULL = YES;
				CLANG_ANALYZER_NUMBER_OBJECT_CONVERSION = YES_AGGRESSIVE;
				CLANG_CXX_LANGUAGE_STANDARD = "gnu++20";
				CLANG_ENABLE_MODULES = YES;
				CLANG_ENABLE_OBJC_ARC = YES;
				CLANG_ENABLE_OBJC_WEAK = YES;
				CLANG_WARN_BLOCK_CAPTURE_AUTORELEASING = YES;
				CLANG_WARN_BOOL_CONVERSION = YES;
				CLANG_WARN_COMMA = YES;
				CLANG_WARN_CONSTANT_CONVERSION = YES;
				CLANG_WARN_DEPRECATED_OBJC_IMPLEMENTATIONS = YES;
				CLANG_WARN_DIRECT_OBJC_ISA_USAGE = YES_ERROR;
				CLANG_WARN_DOCUMENTATION_COMMENTS = YES;
				CLANG_WARN_EMPTY_BODY = YES;
				CLANG_WARN_ENUM_CONVERSION = YES;
				CLANG_WARN_INFINITE_RECURSION = YES;
				CLANG_WARN_INT_CONVERSION = YES;
				CLANG_WARN_NON_LITERAL_NULL_CONVERSION = YES;
				CLANG_WARN_OBJC_IMPLICIT_RETAIN_SELF = YES;
				CLANG_WARN_OBJC_LITERAL_CONVERSION = YES;
				CLANG_WARN_OBJC_ROOT_CLASS = YES_ERROR;
				CLANG_WARN_QUOTED_INCLUDE_IN_FRAMEWORK_HEADER = YES;
				CLANG_WARN_RANGE_LOOP_ANALYSIS = YES;
				CLANG_WARN_STRICT_PROTOTYPES = YES;
				CLANG_WARN_SUSPICIOUS_MOVE = YES;
				CLANG_WARN_UNGUARDED_AVAILABILITY = YES_AGGRESSIVE;
				CLANG_WARN_UNREACHABLE_CODE = YES;
				CLANG_WARN__DUPLICATE_METHOD_MATCH = YES;
				COPY_PHASE_STRIP = NO;
				DEBUG_INFORMATION_FORMAT = "dwarf-with-dsym";
				ENABLE_NS_ASSERTIONS = NO;
				ENABLE_STRICT_OBJC_MSGSEND = YES;
				ENABLE_USER_SCRIPT_SANDBOXING = YES;
				GCC_C_LANGUAGE_STANDARD = gnu17;
				GCC_NO_COMMON_BLOCKS = YES;
				GCC_WARN_64_TO_32_BIT_CONVERSION = YES;
				GCC_WARN_ABOUT_RETURN_TYPE = YES_ERROR;
				GCC_WARN_UNDECLARED_SELECTOR = YES;
				GCC_WARN_UNINITIALIZED_AUTOS = YES_AGGRESSIVE;
				GCC_WARN_UNUSED_FUNCTION = YES;
				GCC_WARN_UNUSED_VARIABLE = YES;
				IPHONEOS_DEPLOYMENT_TARGET = 17.0;
				LOCALIZATION_PREFERS_STRING_CATALOGS = YES;
				MTL_ENABLE_DEBUG_INFO = NO;
				MTL_FAST_MATH = YES;
				SDKROOT = iphoneos;
				SWIFT_COMPILATION_MODE = wholemodule;
				VALIDATE_PRODUCT = YES;
			};
			name = Release;
		};
		958469A22AFBF7A700808FFC /* Debug */ = {
			isa = XCBuildConfiguration;
			buildSettings = {
				ASSETCATALOG_COMPILER_APPICON_NAME = AppIcon;
				ASSETCATALOG_COMPILER_GLOBAL_ACCENT_COLOR_NAME = AccentColor;
				CODE_SIGN_STYLE = Automatic;
				CURRENT_PROJECT_VERSION = 1;
				GENERATE_INFOPLIST_FILE = YES;
				INFOPLIST_FILE = ForecastFavorApp_iOS/Info.plist;
				INFOPLIST_KEY_UIApplicationSupportsIndirectInputEvents = YES;
				INFOPLIST_KEY_UILaunchStoryboardName = LaunchScreen;
				INFOPLIST_KEY_UIMainStoryboardFile = Main;
				INFOPLIST_KEY_UISupportedInterfaceOrientations_iPad = "UIInterfaceOrientationPortrait UIInterfaceOrientationPortraitUpsideDown UIInterfaceOrientationLandscapeLeft UIInterfaceOrientationLandscapeRight";
				INFOPLIST_KEY_UISupportedInterfaceOrientations_iPhone = "UIInterfaceOrientationPortrait UIInterfaceOrientationLandscapeLeft UIInterfaceOrientationLandscapeRight";
				IPHONEOS_DEPLOYMENT_TARGET = 15.6;
				LD_RUNPATH_SEARCH_PATHS = (
					"$(inherited)",
					"@executable_path/Frameworks",
				);
				MARKETING_VERSION = 1.0;
				PRODUCT_BUNDLE_IDENTIFIER = "Sreenath.ForecastFavorApp-iOS";
				PRODUCT_NAME = "$(TARGET_NAME)";
				SWIFT_EMIT_LOC_STRINGS = YES;
				SWIFT_VERSION = 5.0;
				TARGETED_DEVICE_FAMILY = "1,2";
			};
			name = Debug;
		};
		958469A32AFBF7A700808FFC /* Release */ = {
			isa = XCBuildConfiguration;
			buildSettings = {
				ASSETCATALOG_COMPILER_APPICON_NAME = AppIcon;
				ASSETCATALOG_COMPILER_GLOBAL_ACCENT_COLOR_NAME = AccentColor;
				CODE_SIGN_STYLE = Automatic;
				CURRENT_PROJECT_VERSION = 1;
				GENERATE_INFOPLIST_FILE = YES;
				INFOPLIST_FILE = ForecastFavorApp_iOS/Info.plist;
				INFOPLIST_KEY_UIApplicationSupportsIndirectInputEvents = YES;
				INFOPLIST_KEY_UILaunchStoryboardName = LaunchScreen;
				INFOPLIST_KEY_UIMainStoryboardFile = Main;
				INFOPLIST_KEY_UISupportedInterfaceOrientations_iPad = "UIInterfaceOrientationPortrait UIInterfaceOrientationPortraitUpsideDown UIInterfaceOrientationLandscapeLeft UIInterfaceOrientationLandscapeRight";
				INFOPLIST_KEY_UISupportedInterfaceOrientations_iPhone = "UIInterfaceOrientationPortrait UIInterfaceOrientationLandscapeLeft UIInterfaceOrientationLandscapeRight";
				IPHONEOS_DEPLOYMENT_TARGET = 15.6;
				LD_RUNPATH_SEARCH_PATHS = (
					"$(inherited)",
					"@executable_path/Frameworks",
				);
				MARKETING_VERSION = 1.0;
				PRODUCT_BUNDLE_IDENTIFIER = "Sreenath.ForecastFavorApp-iOS";
				PRODUCT_NAME = "$(TARGET_NAME)";
				SWIFT_EMIT_LOC_STRINGS = YES;
				SWIFT_VERSION = 5.0;
				TARGETED_DEVICE_FAMILY = "1,2";
			};
			name = Release;
		};
		958469A52AFBF7A700808FFC /* Debug */ = {
			isa = XCBuildConfiguration;
			buildSettings = {
				ALWAYS_EMBED_SWIFT_STANDARD_LIBRARIES = YES;
				BUNDLE_LOADER = "$(TEST_HOST)";
				CODE_SIGN_STYLE = Automatic;
				CURRENT_PROJECT_VERSION = 1;
				GENERATE_INFOPLIST_FILE = YES;
				IPHONEOS_DEPLOYMENT_TARGET = 17.0;
				MARKETING_VERSION = 1.0;
				PRODUCT_BUNDLE_IDENTIFIER = "Sreenath.ForecastFavorApp-iOSTests";
				PRODUCT_NAME = "$(TARGET_NAME)";
				SWIFT_EMIT_LOC_STRINGS = NO;
				SWIFT_VERSION = 5.0;
				TARGETED_DEVICE_FAMILY = "1,2";
				TEST_HOST = "$(BUILT_PRODUCTS_DIR)/ForecastFavorApp_iOS.app/$(BUNDLE_EXECUTABLE_FOLDER_PATH)/ForecastFavorApp_iOS";
			};
			name = Debug;
		};
		958469A62AFBF7A700808FFC /* Release */ = {
			isa = XCBuildConfiguration;
			buildSettings = {
				ALWAYS_EMBED_SWIFT_STANDARD_LIBRARIES = YES;
				BUNDLE_LOADER = "$(TEST_HOST)";
				CODE_SIGN_STYLE = Automatic;
				CURRENT_PROJECT_VERSION = 1;
				GENERATE_INFOPLIST_FILE = YES;
				IPHONEOS_DEPLOYMENT_TARGET = 17.0;
				MARKETING_VERSION = 1.0;
				PRODUCT_BUNDLE_IDENTIFIER = "Sreenath.ForecastFavorApp-iOSTests";
				PRODUCT_NAME = "$(TARGET_NAME)";
				SWIFT_EMIT_LOC_STRINGS = NO;
				SWIFT_VERSION = 5.0;
				TARGETED_DEVICE_FAMILY = "1,2";
				TEST_HOST = "$(BUILT_PRODUCTS_DIR)/ForecastFavorApp_iOS.app/$(BUNDLE_EXECUTABLE_FOLDER_PATH)/ForecastFavorApp_iOS";
			};
			name = Release;
		};
		958469A82AFBF7A700808FFC /* Debug */ = {
			isa = XCBuildConfiguration;
			buildSettings = {
				ALWAYS_EMBED_SWIFT_STANDARD_LIBRARIES = YES;
				CODE_SIGN_STYLE = Automatic;
				CURRENT_PROJECT_VERSION = 1;
				GENERATE_INFOPLIST_FILE = YES;
				MARKETING_VERSION = 1.0;
				PRODUCT_BUNDLE_IDENTIFIER = "Sreenath.ForecastFavorApp-iOSUITests";
				PRODUCT_NAME = "$(TARGET_NAME)";
				SWIFT_EMIT_LOC_STRINGS = NO;
				SWIFT_VERSION = 5.0;
				TARGETED_DEVICE_FAMILY = "1,2";
				TEST_TARGET_NAME = ForecastFavorApp_iOS;
			};
			name = Debug;
		};
		958469A92AFBF7A700808FFC /* Release */ = {
			isa = XCBuildConfiguration;
			buildSettings = {
				ALWAYS_EMBED_SWIFT_STANDARD_LIBRARIES = YES;
				CODE_SIGN_STYLE = Automatic;
				CURRENT_PROJECT_VERSION = 1;
				GENERATE_INFOPLIST_FILE = YES;
				MARKETING_VERSION = 1.0;
				PRODUCT_BUNDLE_IDENTIFIER = "Sreenath.ForecastFavorApp-iOSUITests";
				PRODUCT_NAME = "$(TARGET_NAME)";
				SWIFT_EMIT_LOC_STRINGS = NO;
				SWIFT_VERSION = 5.0;
				TARGETED_DEVICE_FAMILY = "1,2";
				TEST_TARGET_NAME = ForecastFavorApp_iOS;
			};
			name = Release;
		};
/* End XCBuildConfiguration section */

/* Begin XCConfigurationList section */
		9584696F2AFBF7A500808FFC /* Build configuration list for PBXProject "ForecastFavorApp_iOS" */ = {
			isa = XCConfigurationList;
			buildConfigurations = (
				9584699F2AFBF7A700808FFC /* Debug */,
				958469A02AFBF7A700808FFC /* Release */,
			);
			defaultConfigurationIsVisible = 0;
			defaultConfigurationName = Release;
		};
		958469A12AFBF7A700808FFC /* Build configuration list for PBXNativeTarget "ForecastFavorApp_iOS" */ = {
			isa = XCConfigurationList;
			buildConfigurations = (
				958469A22AFBF7A700808FFC /* Debug */,
				958469A32AFBF7A700808FFC /* Release */,
			);
			defaultConfigurationIsVisible = 0;
			defaultConfigurationName = Release;
		};
		958469A42AFBF7A700808FFC /* Build configuration list for PBXNativeTarget "ForecastFavorApp_iOSTests" */ = {
			isa = XCConfigurationList;
			buildConfigurations = (
				958469A52AFBF7A700808FFC /* Debug */,
				958469A62AFBF7A700808FFC /* Release */,
			);
			defaultConfigurationIsVisible = 0;
			defaultConfigurationName = Release;
		};
		958469A72AFBF7A700808FFC /* Build configuration list for PBXNativeTarget "ForecastFavorApp_iOSUITests" */ = {
			isa = XCConfigurationList;
			buildConfigurations = (
				958469A82AFBF7A700808FFC /* Debug */,
				958469A92AFBF7A700808FFC /* Release */,
			);
			defaultConfigurationIsVisible = 0;
			defaultConfigurationName = Release;
		};
/* End XCConfigurationList section */

/* Begin XCVersionGroup section */
		958469802AFBF7A500808FFC /* ForecastFavorApp_iOS.xcdatamodeld */ = {
			isa = XCVersionGroup;
			children = (
				958469812AFBF7A500808FFC /* ForecastFavorApp_iOS.xcdatamodel */,
			);
			currentVersion = 958469812AFBF7A500808FFC /* ForecastFavorApp_iOS.xcdatamodel */;
			path = ForecastFavorApp_iOS.xcdatamodeld;
			sourceTree = "<group>";
			versionGroupType = wrapper.xcdatamodel;
		};
/* End XCVersionGroup section */
	};
	rootObject = 9584696C2AFBF7A500808FFC /* Project object */;
}
